
Microsoft Visual Studio Solution File, Format Version 12.00
# Visual Studio Version 16
VisualStudioVersion = 16.0.31105.61
MinimumVisualStudioVersion = 10.0.40219.1
Project("{9A19103F-16F7-4668-BE54-9A1E7A4F7556}") = "ConsoleApp", "ConsoleApp\ConsoleApp.csproj", "{CDFE7E4D-3269-41BB-87FA-BF160C65DEA0}"
EndProject
Project("{FAE04EC0-301F-11D3-BF4B-00C04F79EFBC}") = "ClassLib", "ClassLib\ClassLib.csproj", "{F411090A-8D5B-4FF3-AF47-9AA1AA70293C}"
EndProject
Global
	GlobalSection(SolutionConfigurationPlatforms) = preSolution
		Debug|Any CPU = Debug|Any CPU
		Release|Any CPU = Release|Any CPU
	EndGlobalSection
	GlobalSection(ProjectConfigurationPlatforms) = postSolution
		{CDFE7E4D-3269-41BB-87FA-BF160C65DEA0}.Debug|Any CPU.ActiveCfg = Debug|Any CPU
		{CDFE7E4D-3269-41BB-87FA-BF160C65DEA0}.Debug|Any CPU.Build.0 = Debug|Any CPU
		{CDFE7E4D-3269-41BB-87FA-BF160C65DEA0}.Release|Any CPU.ActiveCfg = Release|Any CPU
		{CDFE7E4D-3269-41BB-87FA-BF160C65DEA0}.Release|Any CPU.Build.0 = Release|Any CPU
		{F411090A-8D5B-4FF3-AF47-9AA1AA70293C}.Debug|Any CPU.ActiveCfg = Debug|Any CPU
		{F411090A-8D5B-4FF3-AF47-9AA1AA70293C}.Debug|Any CPU.Build.0 = Debug|Any CPU
		{F411090A-8D5B-4FF3-AF47-9AA1AA70293C}.Release|Any CPU.ActiveCfg = Release|Any CPU
		{F411090A-8D5B-4FF3-AF47-9AA1AA70293C}.Release|Any CPU.Build.0 = Release|Any CPU
	EndGlobalSection
	GlobalSection(SolutionProperties) = preSolution
		HideSolutionNode = FALSE
	EndGlobalSection
	GlobalSection(ExtensibilityGlobals) = postSolution
		SolutionGuid = {12097586-61DE-4D31-B167-A8BA8D5507D6}
	EndGlobalSection
EndGlobal
